
Microsoft Visual Studio Solution File, Format Version 12.00
# Visual Studio 15
Project("{FAE04EC0-301F-11D3-BF4B-00C04F79EFBC}") = "Assembly-CSharp-firstpass", "Assembly-CSharp-firstpass.csproj", "{4D9A46DB-7A04-FA7A-5D4F-74BE62791501}"
EndProject
Project("{FAE04EC0-301F-11D3-BF4B-00C04F79EFBC}") = "Assembly-CSharp", "Assembly-CSharp.csproj", "{717876D5-0909-7D76-921A-01AB2AFB2038}"
EndProject
Project("{FAE04EC0-301F-11D3-BF4B-00C04F79EFBC}") = "Assembly-CSharp-Editor-firstpass", "Assembly-CSharp-Editor-firstpass.csproj", "{3F54910C-FEB9-33D2-8A15-3BE00AEA3028}"
EndProject
Global
	GlobalSection(SolutionConfigurationPlatforms) = preSolution
		Debug|Any CPU = Debug|Any CPU
		Release|Any CPU = Release|Any CPU
	EndGlobalSection
	GlobalSection(ProjectConfigurationPlatforms) = postSolution
		{4D9A46DB-7A04-FA7A-5D4F-74BE62791501}.Debug|Any CPU.ActiveCfg = Debug|Any CPU
		{4D9A46DB-7A04-FA7A-5D4F-74BE62791501}.Debug|Any CPU.Build.0 = Debug|Any CPU
		{4D9A46DB-7A04-FA7A-5D4F-74BE62791501}.Release|Any CPU.ActiveCfg = Release|Any CPU
		{4D9A46DB-7A04-FA7A-5D4F-74BE62791501}.Release|Any CPU.Build.0 = Release|Any CPU
		{717876D5-0909-7D76-921A-01AB2AFB2038}.Debug|Any CPU.ActiveCfg = Debug|Any CPU
		{717876D5-0909-7D76-921A-01AB2AFB2038}.Debug|Any CPU.Build.0 = Debug|Any CPU
		{717876D5-0909-7D76-921A-01AB2AFB2038}.Release|Any CPU.ActiveCfg = Release|Any CPU
		{717876D5-0909-7D76-921A-01AB2AFB2038}.Release|Any CPU.Build.0 = Release|Any CPU
		{3F54910C-FEB9-33D2-8A15-3BE00AEA3028}.Debug|Any CPU.ActiveCfg = Debug|Any CPU
		{3F54910C-FEB9-33D2-8A15-3BE00AEA3028}.Debug|Any CPU.Build.0 = Debug|Any CPU
		{3F54910C-FEB9-33D2-8A15-3BE00AEA3028}.Release|Any CPU.ActiveCfg = Release|Any CPU
		{3F54910C-FEB9-33D2-8A15-3BE00AEA3028}.Release|Any CPU.Build.0 = Release|Any CPU
	EndGlobalSection
	GlobalSection(SolutionProperties) = preSolution
		HideSolutionNode = FALSE
	EndGlobalSection
EndGlobal
